
Microsoft Visual Studio Solution File, Format Version 12.00
# Visual Studio Version 17
VisualStudioVersion = 17.5.002.0
MinimumVisualStudioVersion = 10.0.40219.1
Project("{9A19103F-16F7-4668-BE54-9A1E7A4F7556}") = "KiroldegiKuota", "KiroldegiKuota.csproj", "{92410945-D74E-4230-BDF8-71EC86C530E7}"
EndProject
Global
	GlobalSection(SolutionConfigurationPlatforms) = preSolution
		Debug|Any CPU = Debug|Any CPU
		Release|Any CPU = Release|Any CPU
	EndGlobalSection
	GlobalSection(ProjectConfigurationPlatforms) = postSolution
		{92410945-D74E-4230-BDF8-71EC86C530E7}.Debug|Any CPU.ActiveCfg = Debug|Any CPU
		{92410945-D74E-4230-BDF8-71EC86C530E7}.Debug|Any CPU.Build.0 = Debug|Any CPU
		{92410945-D74E-4230-BDF8-71EC86C530E7}.Release|Any CPU.ActiveCfg = Release|Any CPU
		{92410945-D74E-4230-BDF8-71EC86C530E7}.Release|Any CPU.Build.0 = Release|Any CPU
	EndGlobalSection
	GlobalSection(SolutionProperties) = preSolution
		HideSolutionNode = FALSE
	EndGlobalSection
	GlobalSection(ExtensibilityGlobals) = postSolution
		SolutionGuid = {CC7AE3B2-1A16-475A-BB18-E3B8CBB2457E}
	EndGlobalSection
EndGlobal
